
Microsoft Visual Studio Solution File, Format Version 12.00
# Visual Studio 15
VisualStudioVersion = 15.0.26124.0
MinimumVisualStudioVersion = 15.0.26124.0
Project("{FAE04EC0-301F-11D3-BF4B-00C04F79EFBC}") = "Sock5.Net", "src\Sock5.Net.csproj", "{33E6C16F-5811-4C08-B0A3-5963A822FD21}"
EndProject
Project("{2150E333-8FDC-42A3-9474-1A3956D46DE8}") = "tests", "tests", "{33141A7B-6E55-49D8-92E5-726D0820E304}"
EndProject
Project("{FAE04EC0-301F-11D3-BF4B-00C04F79EFBC}") = "Sock5.Net.UnitTests", "tests\Sock5.Net.UnitTests\Sock5.Net.UnitTests.csproj", "{C4E1B47C-F26D-4162-82ED-49FB49D814C2}"
EndProject
Global
	GlobalSection(SolutionConfigurationPlatforms) = preSolution
		Debug|Any CPU = Debug|Any CPU
		Debug|x64 = Debug|x64
		Debug|x86 = Debug|x86
		Release|Any CPU = Release|Any CPU
		Release|x64 = Release|x64
		Release|x86 = Release|x86
	EndGlobalSection
	GlobalSection(SolutionProperties) = preSolution
		HideSolutionNode = FALSE
	EndGlobalSection
	GlobalSection(ProjectConfigurationPlatforms) = postSolution
		{33E6C16F-5811-4C08-B0A3-5963A822FD21}.Debug|Any CPU.ActiveCfg = Debug|Any CPU
		{33E6C16F-5811-4C08-B0A3-5963A822FD21}.Debug|Any CPU.Build.0 = Debug|Any CPU
		{33E6C16F-5811-4C08-B0A3-5963A822FD21}.Debug|x64.ActiveCfg = Debug|Any CPU
		{33E6C16F-5811-4C08-B0A3-5963A822FD21}.Debug|x64.Build.0 = Debug|Any CPU
		{33E6C16F-5811-4C08-B0A3-5963A822FD21}.Debug|x86.ActiveCfg = Debug|Any CPU
		{33E6C16F-5811-4C08-B0A3-5963A822FD21}.Debug|x86.Build.0 = Debug|Any CPU
		{33E6C16F-5811-4C08-B0A3-5963A822FD21}.Release|Any CPU.ActiveCfg = Release|Any CPU
		{33E6C16F-5811-4C08-B0A3-5963A822FD21}.Release|Any CPU.Build.0 = Release|Any CPU
		{33E6C16F-5811-4C08-B0A3-5963A822FD21}.Release|x64.ActiveCfg = Release|Any CPU
		{33E6C16F-5811-4C08-B0A3-5963A822FD21}.Release|x64.Build.0 = Release|Any CPU
		{33E6C16F-5811-4C08-B0A3-5963A822FD21}.Release|x86.ActiveCfg = Release|Any CPU
		{33E6C16F-5811-4C08-B0A3-5963A822FD21}.Release|x86.Build.0 = Release|Any CPU
		{C4E1B47C-F26D-4162-82ED-49FB49D814C2}.Debug|Any CPU.ActiveCfg = Debug|Any CPU
		{C4E1B47C-F26D-4162-82ED-49FB49D814C2}.Debug|Any CPU.Build.0 = Debug|Any CPU
		{C4E1B47C-F26D-4162-82ED-49FB49D814C2}.Debug|x64.ActiveCfg = Debug|Any CPU
		{C4E1B47C-F26D-4162-82ED-49FB49D814C2}.Debug|x64.Build.0 = Debug|Any CPU
		{C4E1B47C-F26D-4162-82ED-49FB49D814C2}.Debug|x86.ActiveCfg = Debug|Any CPU
		{C4E1B47C-F26D-4162-82ED-49FB49D814C2}.Debug|x86.Build.0 = Debug|Any CPU
		{C4E1B47C-F26D-4162-82ED-49FB49D814C2}.Release|Any CPU.ActiveCfg = Release|Any CPU
		{C4E1B47C-F26D-4162-82ED-49FB49D814C2}.Release|Any CPU.Build.0 = Release|Any CPU
		{C4E1B47C-F26D-4162-82ED-49FB49D814C2}.Release|x64.ActiveCfg = Release|Any CPU
		{C4E1B47C-F26D-4162-82ED-49FB49D814C2}.Release|x64.Build.0 = Release|Any CPU
		{C4E1B47C-F26D-4162-82ED-49FB49D814C2}.Release|x86.ActiveCfg = Release|Any CPU
		{C4E1B47C-F26D-4162-82ED-49FB49D814C2}.Release|x86.Build.0 = Release|Any CPU
	EndGlobalSection
	GlobalSection(NestedProjects) = preSolution
		{C4E1B47C-F26D-4162-82ED-49FB49D814C2} = {33141A7B-6E55-49D8-92E5-726D0820E304}
	EndGlobalSection
EndGlobal
