
Microsoft Visual Studio Solution File, Format Version 12.00
# Visual Studio 15
VisualStudioVersion = 15.0.26124.0
MinimumVisualStudioVersion = 15.0.26124.0
Project("{2150E333-8FDC-42A3-9474-1A3956D46DE8}") = "src", "src", "{EFC88227-2ECF-4D8A-818C-84EDF452967F}"
EndProject
Project("{FAE04EC0-301F-11D3-BF4B-00C04F79EFBC}") = "Socks5.Net", "src\Socks5.Net\Socks5.Net.csproj", "{F4ADCE3C-1B7C-403D-9F98-049347871ED4}"
EndProject
Project("{FAE04EC0-301F-11D3-BF4B-00C04F79EFBC}") = "Socks5.Net.Extensions", "src\Socks5.Net.Extensions\Socks5.Net.Extensions.csproj", "{819C03F1-9B26-4CD4-B7DA-14346945A24F}"
EndProject
Project("{2150E333-8FDC-42A3-9474-1A3956D46DE8}") = "tools", "tools", "{EE77528B-A42C-4CB0-900B-FA9DAF6AC0B5}"
EndProject
Project("{FAE04EC0-301F-11D3-BF4B-00C04F79EFBC}") = "ChatServer", "tools\ChatServer\ChatServer.csproj", "{01B030A4-3D66-4609-937B-0E5846B310F0}"
EndProject
Project("{FAE04EC0-301F-11D3-BF4B-00C04F79EFBC}") = "Client", "tools\Client\Client.csproj", "{6127A0AF-179B-477F-96D8-C0489661D5AC}"
EndProject
Project("{FAE04EC0-301F-11D3-BF4B-00C04F79EFBC}") = "SocksServer", "tools\SocksServer\SocksServer.csproj", "{3D71AA77-AA45-4277-BC9D-23F249466E72}"
EndProject
Project("{2150E333-8FDC-42A3-9474-1A3956D46DE8}") = "tests", "tests", "{CD4D6E16-1EB9-4732-8772-61625EC78B4B}"
EndProject
Project("{FAE04EC0-301F-11D3-BF4B-00C04F79EFBC}") = "Socks5.Net.UnitTests", "tests\Socks5.Net.UnitTests\Socks5.Net.UnitTests.csproj", "{2019D305-BB3E-4801-AD68-F2F2632FD3B1}"
EndProject
Project("{2150E333-8FDC-42A3-9474-1A3956D46DE8}") = "lib", "lib", "{06BB0B82-620A-429F-A549-3212E6EB1D78}"
EndProject
Project("{2150E333-8FDC-42A3-9474-1A3956D46DE8}") = "NSec", "NSec", "{380F5DBA-7A3C-4CF0-831E-A221390EC05F}"
EndProject
Project("{2150E333-8FDC-42A3-9474-1A3956D46DE8}") = "src", "src", "{5BCFAD4E-19E7-4846-81B5-C1EF062CF85D}"
EndProject
Project("{FAE04EC0-301F-11D3-BF4B-00C04F79EFBC}") = "NSec.Cryptography", "lib\NSec\src\Cryptography\NSec.Cryptography.csproj", "{0521FDC8-A507-4B62-BC25-92FC8CE4895C}"
EndProject
Project("{FAE04EC0-301F-11D3-BF4B-00C04F79EFBC}") = "NSec.Experimental", "lib\NSec\src\Experimental\NSec.Experimental.csproj", "{FE76AE06-ED7C-4DDD-A6E5-A520DAFBAFCB}"
EndProject
Project("{FAE04EC0-301F-11D3-BF4B-00C04F79EFBC}") = "Socks5.Net.Extensions.UnitTests", "tests\Socks5.Net.Extensions.UnitTests\Socks5.Net.Extensions.UnitTests.csproj", "{B7C86E79-79B7-49DB-926F-9A6ED6397583}"
EndProject
Global
	GlobalSection(SolutionConfigurationPlatforms) = preSolution
		Debug|Any CPU = Debug|Any CPU
		Debug|x64 = Debug|x64
		Debug|x86 = Debug|x86
		Release|Any CPU = Release|Any CPU
		Release|x64 = Release|x64
		Release|x86 = Release|x86
	EndGlobalSection
	GlobalSection(SolutionProperties) = preSolution
		HideSolutionNode = FALSE
	EndGlobalSection
	GlobalSection(ProjectConfigurationPlatforms) = postSolution
		{F4ADCE3C-1B7C-403D-9F98-049347871ED4}.Debug|Any CPU.ActiveCfg = Debug|Any CPU
		{F4ADCE3C-1B7C-403D-9F98-049347871ED4}.Debug|Any CPU.Build.0 = Debug|Any CPU
		{F4ADCE3C-1B7C-403D-9F98-049347871ED4}.Debug|x64.ActiveCfg = Debug|Any CPU
		{F4ADCE3C-1B7C-403D-9F98-049347871ED4}.Debug|x64.Build.0 = Debug|Any CPU
		{F4ADCE3C-1B7C-403D-9F98-049347871ED4}.Debug|x86.ActiveCfg = Debug|Any CPU
		{F4ADCE3C-1B7C-403D-9F98-049347871ED4}.Debug|x86.Build.0 = Debug|Any CPU
		{F4ADCE3C-1B7C-403D-9F98-049347871ED4}.Release|Any CPU.ActiveCfg = Release|Any CPU
		{F4ADCE3C-1B7C-403D-9F98-049347871ED4}.Release|Any CPU.Build.0 = Release|Any CPU
		{F4ADCE3C-1B7C-403D-9F98-049347871ED4}.Release|x64.ActiveCfg = Release|Any CPU
		{F4ADCE3C-1B7C-403D-9F98-049347871ED4}.Release|x64.Build.0 = Release|Any CPU
		{F4ADCE3C-1B7C-403D-9F98-049347871ED4}.Release|x86.ActiveCfg = Release|Any CPU
		{F4ADCE3C-1B7C-403D-9F98-049347871ED4}.Release|x86.Build.0 = Release|Any CPU
		{819C03F1-9B26-4CD4-B7DA-14346945A24F}.Debug|Any CPU.ActiveCfg = Debug|Any CPU
		{819C03F1-9B26-4CD4-B7DA-14346945A24F}.Debug|Any CPU.Build.0 = Debug|Any CPU
		{819C03F1-9B26-4CD4-B7DA-14346945A24F}.Debug|x64.ActiveCfg = Debug|Any CPU
		{819C03F1-9B26-4CD4-B7DA-14346945A24F}.Debug|x64.Build.0 = Debug|Any CPU
		{819C03F1-9B26-4CD4-B7DA-14346945A24F}.Debug|x86.ActiveCfg = Debug|Any CPU
		{819C03F1-9B26-4CD4-B7DA-14346945A24F}.Debug|x86.Build.0 = Debug|Any CPU
		{819C03F1-9B26-4CD4-B7DA-14346945A24F}.Release|Any CPU.ActiveCfg = Release|Any CPU
		{819C03F1-9B26-4CD4-B7DA-14346945A24F}.Release|Any CPU.Build.0 = Release|Any CPU
		{819C03F1-9B26-4CD4-B7DA-14346945A24F}.Release|x64.ActiveCfg = Release|Any CPU
		{819C03F1-9B26-4CD4-B7DA-14346945A24F}.Release|x64.Build.0 = Release|Any CPU
		{819C03F1-9B26-4CD4-B7DA-14346945A24F}.Release|x86.ActiveCfg = Release|Any CPU
		{819C03F1-9B26-4CD4-B7DA-14346945A24F}.Release|x86.Build.0 = Release|Any CPU
		{01B030A4-3D66-4609-937B-0E5846B310F0}.Debug|Any CPU.ActiveCfg = Debug|Any CPU
		{01B030A4-3D66-4609-937B-0E5846B310F0}.Debug|Any CPU.Build.0 = Debug|Any CPU
		{01B030A4-3D66-4609-937B-0E5846B310F0}.Debug|x64.ActiveCfg = Debug|Any CPU
		{01B030A4-3D66-4609-937B-0E5846B310F0}.Debug|x64.Build.0 = Debug|Any CPU
		{01B030A4-3D66-4609-937B-0E5846B310F0}.Debug|x86.ActiveCfg = Debug|Any CPU
		{01B030A4-3D66-4609-937B-0E5846B310F0}.Debug|x86.Build.0 = Debug|Any CPU
		{01B030A4-3D66-4609-937B-0E5846B310F0}.Release|Any CPU.ActiveCfg = Release|Any CPU
		{01B030A4-3D66-4609-937B-0E5846B310F0}.Release|Any CPU.Build.0 = Release|Any CPU
		{01B030A4-3D66-4609-937B-0E5846B310F0}.Release|x64.ActiveCfg = Release|Any CPU
		{01B030A4-3D66-4609-937B-0E5846B310F0}.Release|x64.Build.0 = Release|Any CPU
		{01B030A4-3D66-4609-937B-0E5846B310F0}.Release|x86.ActiveCfg = Release|Any CPU
		{01B030A4-3D66-4609-937B-0E5846B310F0}.Release|x86.Build.0 = Release|Any CPU
		{6127A0AF-179B-477F-96D8-C0489661D5AC}.Debug|Any CPU.ActiveCfg = Debug|Any CPU
		{6127A0AF-179B-477F-96D8-C0489661D5AC}.Debug|Any CPU.Build.0 = Debug|Any CPU
		{6127A0AF-179B-477F-96D8-C0489661D5AC}.Debug|x64.ActiveCfg = Debug|Any CPU
		{6127A0AF-179B-477F-96D8-C0489661D5AC}.Debug|x64.Build.0 = Debug|Any CPU
		{6127A0AF-179B-477F-96D8-C0489661D5AC}.Debug|x86.ActiveCfg = Debug|Any CPU
		{6127A0AF-179B-477F-96D8-C0489661D5AC}.Debug|x86.Build.0 = Debug|Any CPU
		{6127A0AF-179B-477F-96D8-C0489661D5AC}.Release|Any CPU.ActiveCfg = Release|Any CPU
		{6127A0AF-179B-477F-96D8-C0489661D5AC}.Release|Any CPU.Build.0 = Release|Any CPU
		{6127A0AF-179B-477F-96D8-C0489661D5AC}.Release|x64.ActiveCfg = Release|Any CPU
		{6127A0AF-179B-477F-96D8-C0489661D5AC}.Release|x64.Build.0 = Release|Any CPU
		{6127A0AF-179B-477F-96D8-C0489661D5AC}.Release|x86.ActiveCfg = Release|Any CPU
		{6127A0AF-179B-477F-96D8-C0489661D5AC}.Release|x86.Build.0 = Release|Any CPU
		{3D71AA77-AA45-4277-BC9D-23F249466E72}.Debug|Any CPU.ActiveCfg = Debug|Any CPU
		{3D71AA77-AA45-4277-BC9D-23F249466E72}.Debug|Any CPU.Build.0 = Debug|Any CPU
		{3D71AA77-AA45-4277-BC9D-23F249466E72}.Debug|x64.ActiveCfg = Debug|Any CPU
		{3D71AA77-AA45-4277-BC9D-23F249466E72}.Debug|x64.Build.0 = Debug|Any CPU
		{3D71AA77-AA45-4277-BC9D-23F249466E72}.Debug|x86.ActiveCfg = Debug|Any CPU
		{3D71AA77-AA45-4277-BC9D-23F249466E72}.Debug|x86.Build.0 = Debug|Any CPU
		{3D71AA77-AA45-4277-BC9D-23F249466E72}.Release|Any CPU.ActiveCfg = Release|Any CPU
		{3D71AA77-AA45-4277-BC9D-23F249466E72}.Release|Any CPU.Build.0 = Release|Any CPU
		{3D71AA77-AA45-4277-BC9D-23F249466E72}.Release|x64.ActiveCfg = Release|Any CPU
		{3D71AA77-AA45-4277-BC9D-23F249466E72}.Release|x64.Build.0 = Release|Any CPU
		{3D71AA77-AA45-4277-BC9D-23F249466E72}.Release|x86.ActiveCfg = Release|Any CPU
		{3D71AA77-AA45-4277-BC9D-23F249466E72}.Release|x86.Build.0 = Release|Any CPU
		{2019D305-BB3E-4801-AD68-F2F2632FD3B1}.Debug|Any CPU.ActiveCfg = Debug|Any CPU
		{2019D305-BB3E-4801-AD68-F2F2632FD3B1}.Debug|Any CPU.Build.0 = Debug|Any CPU
		{2019D305-BB3E-4801-AD68-F2F2632FD3B1}.Debug|x64.ActiveCfg = Debug|Any CPU
		{2019D305-BB3E-4801-AD68-F2F2632FD3B1}.Debug|x64.Build.0 = Debug|Any CPU
		{2019D305-BB3E-4801-AD68-F2F2632FD3B1}.Debug|x86.ActiveCfg = Debug|Any CPU
		{2019D305-BB3E-4801-AD68-F2F2632FD3B1}.Debug|x86.Build.0 = Debug|Any CPU
		{2019D305-BB3E-4801-AD68-F2F2632FD3B1}.Release|Any CPU.ActiveCfg = Release|Any CPU
		{2019D305-BB3E-4801-AD68-F2F2632FD3B1}.Release|Any CPU.Build.0 = Release|Any CPU
		{2019D305-BB3E-4801-AD68-F2F2632FD3B1}.Release|x64.ActiveCfg = Release|Any CPU
		{2019D305-BB3E-4801-AD68-F2F2632FD3B1}.Release|x64.Build.0 = Release|Any CPU
		{2019D305-BB3E-4801-AD68-F2F2632FD3B1}.Release|x86.ActiveCfg = Release|Any CPU
		{2019D305-BB3E-4801-AD68-F2F2632FD3B1}.Release|x86.Build.0 = Release|Any CPU
		{0521FDC8-A507-4B62-BC25-92FC8CE4895C}.Debug|Any CPU.ActiveCfg = Debug|Any CPU
		{0521FDC8-A507-4B62-BC25-92FC8CE4895C}.Debug|Any CPU.Build.0 = Debug|Any CPU
		{0521FDC8-A507-4B62-BC25-92FC8CE4895C}.Debug|x64.ActiveCfg = Debug|Any CPU
		{0521FDC8-A507-4B62-BC25-92FC8CE4895C}.Debug|x64.Build.0 = Debug|Any CPU
		{0521FDC8-A507-4B62-BC25-92FC8CE4895C}.Debug|x86.ActiveCfg = Debug|Any CPU
		{0521FDC8-A507-4B62-BC25-92FC8CE4895C}.Debug|x86.Build.0 = Debug|Any CPU
		{0521FDC8-A507-4B62-BC25-92FC8CE4895C}.Release|Any CPU.ActiveCfg = Release|Any CPU
		{0521FDC8-A507-4B62-BC25-92FC8CE4895C}.Release|Any CPU.Build.0 = Release|Any CPU
		{0521FDC8-A507-4B62-BC25-92FC8CE4895C}.Release|x64.ActiveCfg = Release|Any CPU
		{0521FDC8-A507-4B62-BC25-92FC8CE4895C}.Release|x64.Build.0 = Release|Any CPU
		{0521FDC8-A507-4B62-BC25-92FC8CE4895C}.Release|x86.ActiveCfg = Release|Any CPU
		{0521FDC8-A507-4B62-BC25-92FC8CE4895C}.Release|x86.Build.0 = Release|Any CPU
		{FE76AE06-ED7C-4DDD-A6E5-A520DAFBAFCB}.Debug|Any CPU.ActiveCfg = Debug|Any CPU
		{FE76AE06-ED7C-4DDD-A6E5-A520DAFBAFCB}.Debug|Any CPU.Build.0 = Debug|Any CPU
		{FE76AE06-ED7C-4DDD-A6E5-A520DAFBAFCB}.Debug|x64.ActiveCfg = Debug|Any CPU
		{FE76AE06-ED7C-4DDD-A6E5-A520DAFBAFCB}.Debug|x64.Build.0 = Debug|Any CPU
		{FE76AE06-ED7C-4DDD-A6E5-A520DAFBAFCB}.Debug|x86.ActiveCfg = Debug|Any CPU
		{FE76AE06-ED7C-4DDD-A6E5-A520DAFBAFCB}.Debug|x86.Build.0 = Debug|Any CPU
		{FE76AE06-ED7C-4DDD-A6E5-A520DAFBAFCB}.Release|Any CPU.ActiveCfg = Release|Any CPU
		{FE76AE06-ED7C-4DDD-A6E5-A520DAFBAFCB}.Release|Any CPU.Build.0 = Release|Any CPU
		{FE76AE06-ED7C-4DDD-A6E5-A520DAFBAFCB}.Release|x64.ActiveCfg = Release|Any CPU
		{FE76AE06-ED7C-4DDD-A6E5-A520DAFBAFCB}.Release|x64.Build.0 = Release|Any CPU
		{FE76AE06-ED7C-4DDD-A6E5-A520DAFBAFCB}.Release|x86.ActiveCfg = Release|Any CPU
		{FE76AE06-ED7C-4DDD-A6E5-A520DAFBAFCB}.Release|x86.Build.0 = Release|Any CPU
		{B7C86E79-79B7-49DB-926F-9A6ED6397583}.Debug|Any CPU.ActiveCfg = Debug|Any CPU
		{B7C86E79-79B7-49DB-926F-9A6ED6397583}.Debug|Any CPU.Build.0 = Debug|Any CPU
		{B7C86E79-79B7-49DB-926F-9A6ED6397583}.Debug|x64.ActiveCfg = Debug|Any CPU
		{B7C86E79-79B7-49DB-926F-9A6ED6397583}.Debug|x64.Build.0 = Debug|Any CPU
		{B7C86E79-79B7-49DB-926F-9A6ED6397583}.Debug|x86.ActiveCfg = Debug|Any CPU
		{B7C86E79-79B7-49DB-926F-9A6ED6397583}.Debug|x86.Build.0 = Debug|Any CPU
		{B7C86E79-79B7-49DB-926F-9A6ED6397583}.Release|Any CPU.ActiveCfg = Release|Any CPU
		{B7C86E79-79B7-49DB-926F-9A6ED6397583}.Release|Any CPU.Build.0 = Release|Any CPU
		{B7C86E79-79B7-49DB-926F-9A6ED6397583}.Release|x64.ActiveCfg = Release|Any CPU
		{B7C86E79-79B7-49DB-926F-9A6ED6397583}.Release|x64.Build.0 = Release|Any CPU
		{B7C86E79-79B7-49DB-926F-9A6ED6397583}.Release|x86.ActiveCfg = Release|Any CPU
		{B7C86E79-79B7-49DB-926F-9A6ED6397583}.Release|x86.Build.0 = Release|Any CPU
	EndGlobalSection
	GlobalSection(NestedProjects) = preSolution
		{F4ADCE3C-1B7C-403D-9F98-049347871ED4} = {EFC88227-2ECF-4D8A-818C-84EDF452967F}
		{819C03F1-9B26-4CD4-B7DA-14346945A24F} = {EFC88227-2ECF-4D8A-818C-84EDF452967F}
		{01B030A4-3D66-4609-937B-0E5846B310F0} = {EE77528B-A42C-4CB0-900B-FA9DAF6AC0B5}
		{6127A0AF-179B-477F-96D8-C0489661D5AC} = {EE77528B-A42C-4CB0-900B-FA9DAF6AC0B5}
		{3D71AA77-AA45-4277-BC9D-23F249466E72} = {EE77528B-A42C-4CB0-900B-FA9DAF6AC0B5}
		{2019D305-BB3E-4801-AD68-F2F2632FD3B1} = {CD4D6E16-1EB9-4732-8772-61625EC78B4B}
		{380F5DBA-7A3C-4CF0-831E-A221390EC05F} = {06BB0B82-620A-429F-A549-3212E6EB1D78}
		{5BCFAD4E-19E7-4846-81B5-C1EF062CF85D} = {380F5DBA-7A3C-4CF0-831E-A221390EC05F}
		{0521FDC8-A507-4B62-BC25-92FC8CE4895C} = {5BCFAD4E-19E7-4846-81B5-C1EF062CF85D}
		{FE76AE06-ED7C-4DDD-A6E5-A520DAFBAFCB} = {5BCFAD4E-19E7-4846-81B5-C1EF062CF85D}
		{B7C86E79-79B7-49DB-926F-9A6ED6397583} = {CD4D6E16-1EB9-4732-8772-61625EC78B4B}
	EndGlobalSection
EndGlobal
